
Microsoft Visual Studio Solution File, Format Version 12.00
# Visual Studio Version 17
VisualStudioVersion = 17.7.34024.191
MinimumVisualStudioVersion = 10.0.40219.1
Project("{9A19103F-16F7-4668-BE54-9A1E7A4F7556}") = "AllArrayProblem", "FindOccurance\AllArrayProblem.csproj", "{D99C30B8-FF92-4A65-90CD-EB729929DABD}"
EndProject
Global
	GlobalSection(SolutionConfigurationPlatforms) = preSolution
		Debug|Any CPU = Debug|Any CPU
		Release|Any CPU = Release|Any CPU
	EndGlobalSection
	GlobalSection(ProjectConfigurationPlatforms) = postSolution
		{D99C30B8-FF92-4A65-90CD-EB729929DABD}.Debug|Any CPU.ActiveCfg = Debug|Any CPU
		{D99C30B8-FF92-4A65-90CD-EB729929DABD}.Debug|Any CPU.Build.0 = Debug|Any CPU
		{D99C30B8-FF92-4A65-90CD-EB729929DABD}.Release|Any CPU.ActiveCfg = Release|Any CPU
		{D99C30B8-FF92-4A65-90CD-EB729929DABD}.Release|Any CPU.Build.0 = Release|Any CPU
	EndGlobalSection
	GlobalSection(SolutionProperties) = preSolution
		HideSolutionNode = FALSE
	EndGlobalSection
	GlobalSection(ExtensibilityGlobals) = postSolution
		SolutionGuid = {B4D39322-D85C-49FF-9A5D-88B09544834A}
	EndGlobalSection
EndGlobal
